
Microsoft Visual Studio Solution File, Format Version 12.00
# Visual Studio Version 17
VisualStudioVersion = 17.10.34916.146
MinimumVisualStudioVersion = 10.0.40219.1
Project("{FAE04EC0-301F-11D3-BF4B-00C04F79EFBC}") = "Football.WebApi", "Football.WebApi\Football.WebApi.csproj", "{ABD479AC-05B3-44CB-951C-D28E22785699}"
EndProject
Global
	GlobalSection(SolutionConfigurationPlatforms) = preSolution
		Debug|Any CPU = Debug|Any CPU
		Release|Any CPU = Release|Any CPU
	EndGlobalSection
	GlobalSection(ProjectConfigurationPlatforms) = postSolution
		{ABD479AC-05B3-44CB-951C-D28E22785699}.Debug|Any CPU.ActiveCfg = Debug|Any CPU
		{ABD479AC-05B3-44CB-951C-D28E22785699}.Debug|Any CPU.Build.0 = Debug|Any CPU
		{ABD479AC-05B3-44CB-951C-D28E22785699}.Release|Any CPU.ActiveCfg = Release|Any CPU
		{ABD479AC-05B3-44CB-951C-D28E22785699}.Release|Any CPU.Build.0 = Release|Any CPU
	EndGlobalSection
	GlobalSection(SolutionProperties) = preSolution
		HideSolutionNode = FALSE
	EndGlobalSection
	GlobalSection(ExtensibilityGlobals) = postSolution
		SolutionGuid = {762CC77B-1895-4473-B05D-EC0E024FB7C1}
	EndGlobalSection
EndGlobal
